Microsoft Visual Studio Solution File, Format Version 8.00
Project("{8BC9CEB8-8B4A-11D0-8D11-00A0C91BC942}") = "Array", "Array\Array.vcproj", "{2871F3BA-ADCC-4440-8078-FC76C5983FCE}"
	ProjectSection(ProjectDependencies) = postProject
	EndProjectSection
EndProject
Project("{8BC9CEB8-8B4A-11D0-8D11-00A0C91BC942}") = "SimGear", "..\..\..\SimGear.cs\projects\VC7.1\SimGear.vcproj", "{22540CD3-D3CA-4C86-A773-80AEEE3ACDED}"
	ProjectSection(ProjectDependencies) = postProject
	EndProjectSection
EndProject
Project("{8BC9CEB8-8B4A-11D0-8D11-00A0C91BC942}") = "DEM", "DEM\DEM.vcproj", "{A6540D7A-D95D-48E8-87BD-659DA42BF9FD}"
	ProjectSection(ProjectDependencies) = postProject
	EndProjectSection
EndProject
Project("{8BC9CEB8-8B4A-11D0-8D11-00A0C91BC942}") = "e00", "e00\e00.vcproj", "{49DBA05A-A752-4D59-817E-A80B7C96A060}"
	ProjectSection(ProjectDependencies) = postProject
	EndProjectSection
EndProject
Project("{8BC9CEB8-8B4A-11D0-8D11-00A0C91BC942}") = "Geometry", "Geometry\Geometry.vcproj", "{B1FB93BB-ED1D-40A1-9B35-FCC232F473FD}"
	ProjectSection(ProjectDependencies) = postProject
	EndProjectSection
EndProject
Project("{8BC9CEB8-8B4A-11D0-8D11-00A0C91BC942}") = "HGT", "HGT\HGT.vcproj", "{322E9356-2E79-49A6-A7B6-643B35DEB67D}"
	ProjectSection(ProjectDependencies) = postProject
	EndProjectSection
EndProject
Project("{8BC9CEB8-8B4A-11D0-8D11-00A0C91BC942}") = "landcover", "landcover\landcover.vcproj", "{7405A25C-8A2B-44FA-9C9A-A028AF2AB61A}"
	ProjectSection(ProjectDependencies) = postProject
	EndProjectSection
EndProject
Project("{8BC9CEB8-8B4A-11D0-8D11-00A0C91BC942}") = "Optimize", "Optimize\Optimize.vcproj", "{DC950200-4824-4EEC-8F81-1FEAC31C8206}"
	ProjectSection(ProjectDependencies) = postProject
	EndProjectSection
EndProject
Project("{8BC9CEB8-8B4A-11D0-8D11-00A0C91BC942}") = "Output", "Output\Output.vcproj", "{28FAE0C4-AC7A-42D0-A383-4CB01802AF79}"
	ProjectSection(ProjectDependencies) = postProject
	EndProjectSection
EndProject
Project("{8BC9CEB8-8B4A-11D0-8D11-00A0C91BC942}") = "Polygon", "Polygon\Polygon.vcproj", "{610D5DAE-45EC-446E-86F2-73FDD24449C9}"
	ProjectSection(ProjectDependencies) = postProject
	EndProjectSection
EndProject
Project("{8BC9CEB8-8B4A-11D0-8D11-00A0C91BC942}") = "poly2tri", "poly2tri\poly2tri.vcproj", "{5FF453C8-0B3C-4013-87C4-AEACA01B92F0}"
	ProjectSection(ProjectDependencies) = postProject
	EndProjectSection
EndProject
Project("{8BC9CEB8-8B4A-11D0-8D11-00A0C91BC942}") = "shapelib", "shapelib\shapelib.vcproj", "{14F9D9F0-C8A5-4906-BE7C-CBB755E3BB87}"
	ProjectSection(ProjectDependencies) = postProject
	EndProjectSection
EndProject
Project("{8BC9CEB8-8B4A-11D0-8D11-00A0C91BC942}") = "TriangleJRS", "TriangleJRS\TriangleJRS.vcproj", "{19722E03-D871-4719-A075-D763EE7E272D}"
	ProjectSection(ProjectDependencies) = postProject
	EndProjectSection
EndProject
Project("{8BC9CEB8-8B4A-11D0-8D11-00A0C91BC942}") = "vpf", "vpf\vpf.vcproj", "{0CEE29DA-8A0D-4786-8A0F-5A346AB92C0D}"
	ProjectSection(ProjectDependencies) = postProject
	EndProjectSection
EndProject
Project("{8BC9CEB8-8B4A-11D0-8D11-00A0C91BC942}") = "Triangulate", "Triangulate\Triangulate.vcproj", "{C581C8C9-1DD4-4684-9FAB-CF229AC20A4E}"
	ProjectSection(ProjectDependencies) = postProject
	EndProjectSection
EndProject
Project("{8BC9CEB8-8B4A-11D0-8D11-00A0C91BC942}") = "newmat11", "newmat11\newmat11.vcproj", "{BAAE2014-7AB0-4AE7-BA70-AFD26E7EB15A}"
	ProjectSection(ProjectDependencies) = postProject
	EndProjectSection
EndProject
Project("{8BC9CEB8-8B4A-11D0-8D11-00A0C91BC942}") = "gpc232", "gpc232\gpc232.vcproj", "{9AABEE2B-19BC-4479-ADBE-58CA0A8BBC93}"
	ProjectSection(ProjectDependencies) = postProject
	EndProjectSection
EndProject
Project("{8BC9CEB8-8B4A-11D0-8D11-00A0C91BC942}") = "DemChop", "DemChop\DemChop.vcproj", "{2F7B6115-0589-4767-A442-52864C5C2EA2}"
	ProjectSection(ProjectDependencies) = postProject
		{A6540D7A-D95D-48E8-87BD-659DA42BF9FD} = {A6540D7A-D95D-48E8-87BD-659DA42BF9FD}
		{2871F3BA-ADCC-4440-8078-FC76C5983FCE} = {2871F3BA-ADCC-4440-8078-FC76C5983FCE}
		{22540CD3-D3CA-4C86-A773-80AEEE3ACDED} = {22540CD3-D3CA-4C86-A773-80AEEE3ACDED}
	EndProjectSection
EndProject
Project("{8BC9CEB8-8B4A-11D0-8D11-00A0C91BC942}") = "hgtchop", "hgtchop\hgtchop.vcproj", "{F52F1887-15FB-4E7A-B851-18715C8A6AB4}"
	ProjectSection(ProjectDependencies) = postProject
		{322E9356-2E79-49A6-A7B6-643B35DEB67D} = {322E9356-2E79-49A6-A7B6-643B35DEB67D}
		{22540CD3-D3CA-4C86-A773-80AEEE3ACDED} = {22540CD3-D3CA-4C86-A773-80AEEE3ACDED}
	EndProjectSection
EndProject
Project("{8BC9CEB8-8B4A-11D0-8D11-00A0C91BC942}") = "fillvoids", "fillvoids\fillvoids.vcproj", "{294D1AD8-F7B0-46F5-9E6D-309DDA1F68CC}"
	ProjectSection(ProjectDependencies) = postProject
		{2871F3BA-ADCC-4440-8078-FC76C5983FCE} = {2871F3BA-ADCC-4440-8078-FC76C5983FCE}
		{22540CD3-D3CA-4C86-A773-80AEEE3ACDED} = {22540CD3-D3CA-4C86-A773-80AEEE3ACDED}
	EndProjectSection
EndProject
Project("{8BC9CEB8-8B4A-11D0-8D11-00A0C91BC942}") = "deminfo", "deminfo\deminfo.vcproj", "{BBEC91FE-1220-4BD5-A797-A3EEF0439E93}"
	ProjectSection(ProjectDependencies) = postProject
		{A6540D7A-D95D-48E8-87BD-659DA42BF9FD} = {A6540D7A-D95D-48E8-87BD-659DA42BF9FD}
		{22540CD3-D3CA-4C86-A773-80AEEE3ACDED} = {22540CD3-D3CA-4C86-A773-80AEEE3ACDED}
	EndProjectSection
EndProject
Project("{8BC9CEB8-8B4A-11D0-8D11-00A0C91BC942}") = "raw2ascii", "raw2ascii\raw2ascii.vcproj", "{080B4F9D-642C-4C28-BB99-EADC29994BEB}"
	ProjectSection(ProjectDependencies) = postProject
	EndProjectSection
EndProject
Project("{8BC9CEB8-8B4A-11D0-8D11-00A0C91BC942}") = "e00lines", "e00lines\e00lines.vcproj", "{0D683293-D662-4752-A6C7-211AEDB19FD3}"
	ProjectSection(ProjectDependencies) = postProject
		{9AABEE2B-19BC-4479-ADBE-58CA0A8BBC93} = {9AABEE2B-19BC-4479-ADBE-58CA0A8BBC93}
		{49DBA05A-A752-4D59-817E-A80B7C96A060} = {49DBA05A-A752-4D59-817E-A80B7C96A060}
		{610D5DAE-45EC-446E-86F2-73FDD24449C9} = {610D5DAE-45EC-446E-86F2-73FDD24449C9}
		{B1FB93BB-ED1D-40A1-9B35-FCC232F473FD} = {B1FB93BB-ED1D-40A1-9B35-FCC232F473FD}
		{22540CD3-D3CA-4C86-A773-80AEEE3ACDED} = {22540CD3-D3CA-4C86-A773-80AEEE3ACDED}
	EndProjectSection
EndProject
Project("{8BC9CEB8-8B4A-11D0-8D11-00A0C91BC942}") = "gshhs", "gshhs\gshhs.vcproj", "{86D017D6-AE64-43B7-9C77-37E6D40FADF7}"
	ProjectSection(ProjectDependencies) = postProject
		{9AABEE2B-19BC-4479-ADBE-58CA0A8BBC93} = {9AABEE2B-19BC-4479-ADBE-58CA0A8BBC93}
		{610D5DAE-45EC-446E-86F2-73FDD24449C9} = {610D5DAE-45EC-446E-86F2-73FDD24449C9}
		{B1FB93BB-ED1D-40A1-9B35-FCC232F473FD} = {B1FB93BB-ED1D-40A1-9B35-FCC232F473FD}
		{22540CD3-D3CA-4C86-A773-80AEEE3ACDED} = {22540CD3-D3CA-4C86-A773-80AEEE3ACDED}
	EndProjectSection
EndProject
Project("{8BC9CEB8-8B4A-11D0-8D11-00A0C91BC942}") = "shape-decode", "shape-decode\shape-decode.vcproj", "{8B09D639-9E6B-4A4C-8D13-E60B6326DCBA}"
	ProjectSection(ProjectDependencies) = postProject
		{9AABEE2B-19BC-4479-ADBE-58CA0A8BBC93} = {9AABEE2B-19BC-4479-ADBE-58CA0A8BBC93}
		{610D5DAE-45EC-446E-86F2-73FDD24449C9} = {610D5DAE-45EC-446E-86F2-73FDD24449C9}
		{B1FB93BB-ED1D-40A1-9B35-FCC232F473FD} = {B1FB93BB-ED1D-40A1-9B35-FCC232F473FD}
		{22540CD3-D3CA-4C86-A773-80AEEE3ACDED} = {22540CD3-D3CA-4C86-A773-80AEEE3ACDED}
		{14F9D9F0-C8A5-4906-BE7C-CBB755E3BB87} = {14F9D9F0-C8A5-4906-BE7C-CBB755E3BB87}
	EndProjectSection
EndProject
Project("{8BC9CEB8-8B4A-11D0-8D11-00A0C91BC942}") = "noaa-decode", "noaa-decode\noaa-decode.vcproj", "{09ADF9FF-1968-4CE2-8DD6-C807263709E0}"
	ProjectSection(ProjectDependencies) = postProject
		{9AABEE2B-19BC-4479-ADBE-58CA0A8BBC93} = {9AABEE2B-19BC-4479-ADBE-58CA0A8BBC93}
		{610D5DAE-45EC-446E-86F2-73FDD24449C9} = {610D5DAE-45EC-446E-86F2-73FDD24449C9}
		{B1FB93BB-ED1D-40A1-9B35-FCC232F473FD} = {B1FB93BB-ED1D-40A1-9B35-FCC232F473FD}
		{22540CD3-D3CA-4C86-A773-80AEEE3ACDED} = {22540CD3-D3CA-4C86-A773-80AEEE3ACDED}
		{14F9D9F0-C8A5-4906-BE7C-CBB755E3BB87} = {14F9D9F0-C8A5-4906-BE7C-CBB755E3BB87}
	EndProjectSection
EndProject
Project("{8BC9CEB8-8B4A-11D0-8D11-00A0C91BC942}") = "tgvpf", "tgvpf\tgvpf.vcproj", "{E78E2BB5-6D86-4F06-92FF-9ACD399A323B}"
	ProjectSection(ProjectDependencies) = postProject
		{9AABEE2B-19BC-4479-ADBE-58CA0A8BBC93} = {9AABEE2B-19BC-4479-ADBE-58CA0A8BBC93}
		{610D5DAE-45EC-446E-86F2-73FDD24449C9} = {610D5DAE-45EC-446E-86F2-73FDD24449C9}
		{B1FB93BB-ED1D-40A1-9B35-FCC232F473FD} = {B1FB93BB-ED1D-40A1-9B35-FCC232F473FD}
		{22540CD3-D3CA-4C86-A773-80AEEE3ACDED} = {22540CD3-D3CA-4C86-A773-80AEEE3ACDED}
		{0CEE29DA-8A0D-4786-8A0F-5A346AB92C0D} = {0CEE29DA-8A0D-4786-8A0F-5A346AB92C0D}
	EndProjectSection
EndProject
Project("{8BC9CEB8-8B4A-11D0-8D11-00A0C91BC942}") = "Terra", "Terra\Terra.vcproj", "{2B547224-A995-4FE9-B38F-14A20C8562A8}"
	ProjectSection(ProjectDependencies) = postProject
		{F74722A5-4015-453B-BF4F-161A4766DDA1} = {F74722A5-4015-453B-BF4F-161A4766DDA1}
	EndProjectSection
EndProject
Project("{8BC9CEB8-8B4A-11D0-8D11-00A0C91BC942}") = "tguserdef", "tguserdef\tguserdef.vcproj", "{1D187A71-BB8A-4127-AC7E-9211A208B6B0}"
	ProjectSection(ProjectDependencies) = postProject
		{9AABEE2B-19BC-4479-ADBE-58CA0A8BBC93} = {9AABEE2B-19BC-4479-ADBE-58CA0A8BBC93}
		{610D5DAE-45EC-446E-86F2-73FDD24449C9} = {610D5DAE-45EC-446E-86F2-73FDD24449C9}
		{B1FB93BB-ED1D-40A1-9B35-FCC232F473FD} = {B1FB93BB-ED1D-40A1-9B35-FCC232F473FD}
		{22540CD3-D3CA-4C86-A773-80AEEE3ACDED} = {22540CD3-D3CA-4C86-A773-80AEEE3ACDED}
	EndProjectSection
EndProject
Project("{8BC9CEB8-8B4A-11D0-8D11-00A0C91BC942}") = "genapts", "genapts\genapts.vcproj", "{B7FA9359-D05E-42DA-8E57-5A932D8EC603}"
	ProjectSection(ProjectDependencies) = postProject
		{19722E03-D871-4719-A075-D763EE7E272D} = {19722E03-D871-4719-A075-D763EE7E272D}
		{BAAE2014-7AB0-4AE7-BA70-AFD26E7EB15A} = {BAAE2014-7AB0-4AE7-BA70-AFD26E7EB15A}
		{9AABEE2B-19BC-4479-ADBE-58CA0A8BBC93} = {9AABEE2B-19BC-4479-ADBE-58CA0A8BBC93}
		{610D5DAE-45EC-446E-86F2-73FDD24449C9} = {610D5DAE-45EC-446E-86F2-73FDD24449C9}
		{2871F3BA-ADCC-4440-8078-FC76C5983FCE} = {2871F3BA-ADCC-4440-8078-FC76C5983FCE}
		{B1FB93BB-ED1D-40A1-9B35-FCC232F473FD} = {B1FB93BB-ED1D-40A1-9B35-FCC232F473FD}
		{28FAE0C4-AC7A-42D0-A383-4CB01802AF79} = {28FAE0C4-AC7A-42D0-A383-4CB01802AF79}
		{22540CD3-D3CA-4C86-A773-80AEEE3ACDED} = {22540CD3-D3CA-4C86-A773-80AEEE3ACDED}
	EndProjectSection
EndProject
Project("{8BC9CEB8-8B4A-11D0-8D11-00A0C91BC942}") = "osgb36", "osgb36\osgb36.vcproj", "{A30DFFC2-97E5-48F6-B8E0-A85435328ABA}"
	ProjectSection(ProjectDependencies) = postProject
	EndProjectSection
EndProject
Project("{8BC9CEB8-8B4A-11D0-8D11-00A0C91BC942}") = "clipper", "clipper\clipper.vcproj", "{78922FED-3B8B-4276-ADFF-9A19330F7CFE}"
	ProjectSection(ProjectDependencies) = postProject
	EndProjectSection
EndProject
Project("{8BC9CEB8-8B4A-11D0-8D11-00A0C91BC942}") = "GenOutput", "GenOutput\GenOutput.vcproj", "{A192B19C-8839-4BF8-A517-963B4DBA740C}"
	ProjectSection(ProjectDependencies) = postProject
	EndProjectSection
EndProject
Project("{8BC9CEB8-8B4A-11D0-8D11-00A0C91BC942}") = "Match", "Match\Match.vcproj", "{7572D7B9-9DCD-4B98-AB04-1E9BFC8BA099}"
	ProjectSection(ProjectDependencies) = postProject
	EndProjectSection
EndProject
Project("{8BC9CEB8-8B4A-11D0-8D11-00A0C91BC942}") = "fgfs-construct", "fgfs-construct\fgfs-construct.vcproj", "{8AB3DC28-1CAC-4DC0-B8CD-EB066E3711F9}"
	ProjectSection(ProjectDependencies) = postProject
		{DC950200-4824-4EEC-8F81-1FEAC31C8206} = {DC950200-4824-4EEC-8F81-1FEAC31C8206}
		{19722E03-D871-4719-A075-D763EE7E272D} = {19722E03-D871-4719-A075-D763EE7E272D}
		{9AABEE2B-19BC-4479-ADBE-58CA0A8BBC93} = {9AABEE2B-19BC-4479-ADBE-58CA0A8BBC93}
		{7405A25C-8A2B-44FA-9C9A-A028AF2AB61A} = {7405A25C-8A2B-44FA-9C9A-A028AF2AB61A}
		{A192B19C-8839-4BF8-A517-963B4DBA740C} = {A192B19C-8839-4BF8-A517-963B4DBA740C}
		{610D5DAE-45EC-446E-86F2-73FDD24449C9} = {610D5DAE-45EC-446E-86F2-73FDD24449C9}
		{7572D7B9-9DCD-4B98-AB04-1E9BFC8BA099} = {7572D7B9-9DCD-4B98-AB04-1E9BFC8BA099}
		{2871F3BA-ADCC-4440-8078-FC76C5983FCE} = {2871F3BA-ADCC-4440-8078-FC76C5983FCE}
		{B1FB93BB-ED1D-40A1-9B35-FCC232F473FD} = {B1FB93BB-ED1D-40A1-9B35-FCC232F473FD}
		{A30DFFC2-97E5-48F6-B8E0-A85435328ABA} = {A30DFFC2-97E5-48F6-B8E0-A85435328ABA}
		{C581C8C9-1DD4-4684-9FAB-CF229AC20A4E} = {C581C8C9-1DD4-4684-9FAB-CF229AC20A4E}
		{22540CD3-D3CA-4C86-A773-80AEEE3ACDED} = {22540CD3-D3CA-4C86-A773-80AEEE3ACDED}
		{78922FED-3B8B-4276-ADFF-9A19330F7CFE} = {78922FED-3B8B-4276-ADFF-9A19330F7CFE}
	EndProjectSection
EndProject
Project("{8BC9CEB8-8B4A-11D0-8D11-00A0C91BC942}") = "fgfs-launch-server", "fgfs-launch-server\fgfs-launch-server.vcproj", "{5086D5EB-5EC0-437F-8181-264315F21A17}"
	ProjectSection(ProjectDependencies) = postProject
		{22540CD3-D3CA-4C86-A773-80AEEE3ACDED} = {22540CD3-D3CA-4C86-A773-80AEEE3ACDED}
	EndProjectSection
EndProject
Project("{8BC9CEB8-8B4A-11D0-8D11-00A0C91BC942}") = "fgfs-launch-clients", "fgfs-launch-clients\fgfs-launch-clients.vcproj", "{4CCE2136-24FC-4F7A-A609-8018F00F9042}"
	ProjectSection(ProjectDependencies) = postProject
		{22540CD3-D3CA-4C86-A773-80AEEE3ACDED} = {22540CD3-D3CA-4C86-A773-80AEEE3ACDED}
	EndProjectSection
EndProject
Project("{8BC9CEB8-8B4A-11D0-8D11-00A0C91BC942}") = "libTerra", "libTerra\libTerra.vcproj", "{F74722A5-4015-453B-BF4F-161A4766DDA1}"
	ProjectSection(ProjectDependencies) = postProject
	EndProjectSection
EndProject
Project("{8BC9CEB8-8B4A-11D0-8D11-00A0C91BC942}") = "terrafit", "terrafit\terrafit.vcproj", "{F6CEF65C-4643-41AC-8A7D-078BACA6EF67}"
	ProjectSection(ProjectDependencies) = postProject
		{F74722A5-4015-453B-BF4F-161A4766DDA1} = {F74722A5-4015-453B-BF4F-161A4766DDA1}
		{2871F3BA-ADCC-4440-8078-FC76C5983FCE} = {2871F3BA-ADCC-4440-8078-FC76C5983FCE}
		{22540CD3-D3CA-4C86-A773-80AEEE3ACDED} = {22540CD3-D3CA-4C86-A773-80AEEE3ACDED}
	EndProjectSection
EndProject
Project("{8BC9CEB8-8B4A-11D0-8D11-00A0C91BC942}") = "ogr-decode", "ogr-decode\ogr-decode.vcproj", "{376BFCF2-D8AF-48C1-ACFD-07E124DC6BB0}"
	ProjectSection(ProjectDependencies) = postProject
		{9AABEE2B-19BC-4479-ADBE-58CA0A8BBC93} = {9AABEE2B-19BC-4479-ADBE-58CA0A8BBC93}
		{610D5DAE-45EC-446E-86F2-73FDD24449C9} = {610D5DAE-45EC-446E-86F2-73FDD24449C9}
		{B1FB93BB-ED1D-40A1-9B35-FCC232F473FD} = {B1FB93BB-ED1D-40A1-9B35-FCC232F473FD}
		{22540CD3-D3CA-4C86-A773-80AEEE3ACDED} = {22540CD3-D3CA-4C86-A773-80AEEE3ACDED}
	EndProjectSection
EndProject
Global
	GlobalSection(SolutionConfiguration) = preSolution
		Debug = Debug
		Release = Release
	EndGlobalSection
	GlobalSection(ProjectConfiguration) = postSolution
		{2871F3BA-ADCC-4440-8078-FC76C5983FCE}.Debug.ActiveCfg = Debug|Win32
		{2871F3BA-ADCC-4440-8078-FC76C5983FCE}.Debug.Build.0 = Debug|Win32
		{2871F3BA-ADCC-4440-8078-FC76C5983FCE}.Release.ActiveCfg = Release|Win32
		{2871F3BA-ADCC-4440-8078-FC76C5983FCE}.Release.Build.0 = Release|Win32
		{22540CD3-D3CA-4C86-A773-80AEEE3ACDED}.Debug.ActiveCfg = Debug|Win32
		{22540CD3-D3CA-4C86-A773-80AEEE3ACDED}.Debug.Build.0 = Debug|Win32
		{22540CD3-D3CA-4C86-A773-80AEEE3ACDED}.Release.ActiveCfg = Release|Win32
		{22540CD3-D3CA-4C86-A773-80AEEE3ACDED}.Release.Build.0 = Release|Win32
		{A6540D7A-D95D-48E8-87BD-659DA42BF9FD}.Debug.ActiveCfg = Debug|Win32
		{A6540D7A-D95D-48E8-87BD-659DA42BF9FD}.Debug.Build.0 = Debug|Win32
		{A6540D7A-D95D-48E8-87BD-659DA42BF9FD}.Release.ActiveCfg = Release|Win32
		{A6540D7A-D95D-48E8-87BD-659DA42BF9FD}.Release.Build.0 = Release|Win32
		{49DBA05A-A752-4D59-817E-A80B7C96A060}.Debug.ActiveCfg = Debug|Win32
		{49DBA05A-A752-4D59-817E-A80B7C96A060}.Debug.Build.0 = Debug|Win32
		{49DBA05A-A752-4D59-817E-A80B7C96A060}.Release.ActiveCfg = Release|Win32
		{49DBA05A-A752-4D59-817E-A80B7C96A060}.Release.Build.0 = Release|Win32
		{B1FB93BB-ED1D-40A1-9B35-FCC232F473FD}.Debug.ActiveCfg = Debug|Win32
		{B1FB93BB-ED1D-40A1-9B35-FCC232F473FD}.Debug.Build.0 = Debug|Win32
		{B1FB93BB-ED1D-40A1-9B35-FCC232F473FD}.Release.ActiveCfg = Release|Win32
		{B1FB93BB-ED1D-40A1-9B35-FCC232F473FD}.Release.Build.0 = Release|Win32
		{322E9356-2E79-49A6-A7B6-643B35DEB67D}.Debug.ActiveCfg = Debug|Win32
		{322E9356-2E79-49A6-A7B6-643B35DEB67D}.Debug.Build.0 = Debug|Win32
		{322E9356-2E79-49A6-A7B6-643B35DEB67D}.Release.ActiveCfg = Release|Win32
		{322E9356-2E79-49A6-A7B6-643B35DEB67D}.Release.Build.0 = Release|Win32
		{7405A25C-8A2B-44FA-9C9A-A028AF2AB61A}.Debug.ActiveCfg = Debug|Win32
		{7405A25C-8A2B-44FA-9C9A-A028AF2AB61A}.Debug.Build.0 = Debug|Win32
		{7405A25C-8A2B-44FA-9C9A-A028AF2AB61A}.Release.ActiveCfg = Release|Win32
		{7405A25C-8A2B-44FA-9C9A-A028AF2AB61A}.Release.Build.0 = Release|Win32
		{DC950200-4824-4EEC-8F81-1FEAC31C8206}.Debug.ActiveCfg = Debug|Win32
		{DC950200-4824-4EEC-8F81-1FEAC31C8206}.Debug.Build.0 = Debug|Win32
		{DC950200-4824-4EEC-8F81-1FEAC31C8206}.Release.ActiveCfg = Release|Win32
		{DC950200-4824-4EEC-8F81-1FEAC31C8206}.Release.Build.0 = Release|Win32
		{28FAE0C4-AC7A-42D0-A383-4CB01802AF79}.Debug.ActiveCfg = Debug|Win32
		{28FAE0C4-AC7A-42D0-A383-4CB01802AF79}.Debug.Build.0 = Debug|Win32
		{28FAE0C4-AC7A-42D0-A383-4CB01802AF79}.Release.ActiveCfg = Release|Win32
		{28FAE0C4-AC7A-42D0-A383-4CB01802AF79}.Release.Build.0 = Release|Win32
		{610D5DAE-45EC-446E-86F2-73FDD24449C9}.Debug.ActiveCfg = Debug|Win32
		{610D5DAE-45EC-446E-86F2-73FDD24449C9}.Debug.Build.0 = Debug|Win32
		{610D5DAE-45EC-446E-86F2-73FDD24449C9}.Release.ActiveCfg = Release|Win32
		{610D5DAE-45EC-446E-86F2-73FDD24449C9}.Release.Build.0 = Release|Win32
		{5FF453C8-0B3C-4013-87C4-AEACA01B92F0}.Debug.ActiveCfg = Debug|Win32
		{5FF453C8-0B3C-4013-87C4-AEACA01B92F0}.Debug.Build.0 = Debug|Win32
		{5FF453C8-0B3C-4013-87C4-AEACA01B92F0}.Release.ActiveCfg = Release|Win32
		{5FF453C8-0B3C-4013-87C4-AEACA01B92F0}.Release.Build.0 = Release|Win32
		{14F9D9F0-C8A5-4906-BE7C-CBB755E3BB87}.Debug.ActiveCfg = Debug|Win32
		{14F9D9F0-C8A5-4906-BE7C-CBB755E3BB87}.Debug.Build.0 = Debug|Win32
		{14F9D9F0-C8A5-4906-BE7C-CBB755E3BB87}.Release.ActiveCfg = Release|Win32
		{14F9D9F0-C8A5-4906-BE7C-CBB755E3BB87}.Release.Build.0 = Release|Win32
		{19722E03-D871-4719-A075-D763EE7E272D}.Debug.ActiveCfg = Debug|Win32
		{19722E03-D871-4719-A075-D763EE7E272D}.Debug.Build.0 = Debug|Win32
		{19722E03-D871-4719-A075-D763EE7E272D}.Release.ActiveCfg = Release|Win32
		{19722E03-D871-4719-A075-D763EE7E272D}.Release.Build.0 = Release|Win32
		{0CEE29DA-8A0D-4786-8A0F-5A346AB92C0D}.Debug.ActiveCfg = Debug|Win32
		{0CEE29DA-8A0D-4786-8A0F-5A346AB92C0D}.Debug.Build.0 = Debug|Win32
		{0CEE29DA-8A0D-4786-8A0F-5A346AB92C0D}.Release.ActiveCfg = Release|Win32
		{0CEE29DA-8A0D-4786-8A0F-5A346AB92C0D}.Release.Build.0 = Release|Win32
		{C581C8C9-1DD4-4684-9FAB-CF229AC20A4E}.Debug.ActiveCfg = Debug|Win32
		{C581C8C9-1DD4-4684-9FAB-CF229AC20A4E}.Debug.Build.0 = Debug|Win32
		{C581C8C9-1DD4-4684-9FAB-CF229AC20A4E}.Release.ActiveCfg = Release|Win32
		{C581C8C9-1DD4-4684-9FAB-CF229AC20A4E}.Release.Build.0 = Release|Win32
		{BAAE2014-7AB0-4AE7-BA70-AFD26E7EB15A}.Debug.ActiveCfg = Debug|Win32
		{BAAE2014-7AB0-4AE7-BA70-AFD26E7EB15A}.Debug.Build.0 = Debug|Win32
		{BAAE2014-7AB0-4AE7-BA70-AFD26E7EB15A}.Release.ActiveCfg = Release|Win32
		{BAAE2014-7AB0-4AE7-BA70-AFD26E7EB15A}.Release.Build.0 = Release|Win32
		{9AABEE2B-19BC-4479-ADBE-58CA0A8BBC93}.Debug.ActiveCfg = Debug|Win32
		{9AABEE2B-19BC-4479-ADBE-58CA0A8BBC93}.Debug.Build.0 = Debug|Win32
		{9AABEE2B-19BC-4479-ADBE-58CA0A8BBC93}.Release.ActiveCfg = Release|Win32
		{9AABEE2B-19BC-4479-ADBE-58CA0A8BBC93}.Release.Build.0 = Release|Win32
		{2F7B6115-0589-4767-A442-52864C5C2EA2}.Debug.ActiveCfg = Debug|Win32
		{2F7B6115-0589-4767-A442-52864C5C2EA2}.Debug.Build.0 = Debug|Win32
		{2F7B6115-0589-4767-A442-52864C5C2EA2}.Release.ActiveCfg = Release|Win32
		{2F7B6115-0589-4767-A442-52864C5C2EA2}.Release.Build.0 = Release|Win32
		{F52F1887-15FB-4E7A-B851-18715C8A6AB4}.Debug.ActiveCfg = Debug|Win32
		{F52F1887-15FB-4E7A-B851-18715C8A6AB4}.Debug.Build.0 = Debug|Win32
		{F52F1887-15FB-4E7A-B851-18715C8A6AB4}.Release.ActiveCfg = Release|Win32
		{F52F1887-15FB-4E7A-B851-18715C8A6AB4}.Release.Build.0 = Release|Win32
		{294D1AD8-F7B0-46F5-9E6D-309DDA1F68CC}.Debug.ActiveCfg = Debug|Win32
		{294D1AD8-F7B0-46F5-9E6D-309DDA1F68CC}.Debug.Build.0 = Debug|Win32
		{294D1AD8-F7B0-46F5-9E6D-309DDA1F68CC}.Release.ActiveCfg = Release|Win32
		{294D1AD8-F7B0-46F5-9E6D-309DDA1F68CC}.Release.Build.0 = Release|Win32
		{BBEC91FE-1220-4BD5-A797-A3EEF0439E93}.Debug.ActiveCfg = Debug|Win32
		{BBEC91FE-1220-4BD5-A797-A3EEF0439E93}.Debug.Build.0 = Debug|Win32
		{BBEC91FE-1220-4BD5-A797-A3EEF0439E93}.Release.ActiveCfg = Release|Win32
		{BBEC91FE-1220-4BD5-A797-A3EEF0439E93}.Release.Build.0 = Release|Win32
		{080B4F9D-642C-4C28-BB99-EADC29994BEB}.Debug.ActiveCfg = Debug|Win32
		{080B4F9D-642C-4C28-BB99-EADC29994BEB}.Debug.Build.0 = Debug|Win32
		{080B4F9D-642C-4C28-BB99-EADC29994BEB}.Release.ActiveCfg = Release|Win32
		{080B4F9D-642C-4C28-BB99-EADC29994BEB}.Release.Build.0 = Release|Win32
		{0D683293-D662-4752-A6C7-211AEDB19FD3}.Debug.ActiveCfg = Debug|Win32
		{0D683293-D662-4752-A6C7-211AEDB19FD3}.Debug.Build.0 = Debug|Win32
		{0D683293-D662-4752-A6C7-211AEDB19FD3}.Release.ActiveCfg = Release|Win32
		{0D683293-D662-4752-A6C7-211AEDB19FD3}.Release.Build.0 = Release|Win32
		{86D017D6-AE64-43B7-9C77-37E6D40FADF7}.Debug.ActiveCfg = Debug|Win32
		{86D017D6-AE64-43B7-9C77-37E6D40FADF7}.Debug.Build.0 = Debug|Win32
		{86D017D6-AE64-43B7-9C77-37E6D40FADF7}.Release.ActiveCfg = Release|Win32
		{86D017D6-AE64-43B7-9C77-37E6D40FADF7}.Release.Build.0 = Release|Win32
		{8B09D639-9E6B-4A4C-8D13-E60B6326DCBA}.Debug.ActiveCfg = Debug|Win32
		{8B09D639-9E6B-4A4C-8D13-E60B6326DCBA}.Debug.Build.0 = Debug|Win32
		{8B09D639-9E6B-4A4C-8D13-E60B6326DCBA}.Release.ActiveCfg = Release|Win32
		{8B09D639-9E6B-4A4C-8D13-E60B6326DCBA}.Release.Build.0 = Release|Win32
		{09ADF9FF-1968-4CE2-8DD6-C807263709E0}.Debug.ActiveCfg = Debug|Win32
		{09ADF9FF-1968-4CE2-8DD6-C807263709E0}.Debug.Build.0 = Debug|Win32
		{09ADF9FF-1968-4CE2-8DD6-C807263709E0}.Release.ActiveCfg = Release|Win32
		{09ADF9FF-1968-4CE2-8DD6-C807263709E0}.Release.Build.0 = Release|Win32
		{E78E2BB5-6D86-4F06-92FF-9ACD399A323B}.Debug.ActiveCfg = Debug|Win32
		{E78E2BB5-6D86-4F06-92FF-9ACD399A323B}.Debug.Build.0 = Debug|Win32
		{E78E2BB5-6D86-4F06-92FF-9ACD399A323B}.Release.ActiveCfg = Release|Win32
		{E78E2BB5-6D86-4F06-92FF-9ACD399A323B}.Release.Build.0 = Release|Win32
		{2B547224-A995-4FE9-B38F-14A20C8562A8}.Debug.ActiveCfg = Debug|Win32
		{2B547224-A995-4FE9-B38F-14A20C8562A8}.Debug.Build.0 = Debug|Win32
		{2B547224-A995-4FE9-B38F-14A20C8562A8}.Release.ActiveCfg = Release|Win32
		{2B547224-A995-4FE9-B38F-14A20C8562A8}.Release.Build.0 = Release|Win32
		{1D187A71-BB8A-4127-AC7E-9211A208B6B0}.Debug.ActiveCfg = Debug|Win32
		{1D187A71-BB8A-4127-AC7E-9211A208B6B0}.Debug.Build.0 = Debug|Win32
		{1D187A71-BB8A-4127-AC7E-9211A208B6B0}.Release.ActiveCfg = Release|Win32
		{1D187A71-BB8A-4127-AC7E-9211A208B6B0}.Release.Build.0 = Release|Win32
		{B7FA9359-D05E-42DA-8E57-5A932D8EC603}.Debug.ActiveCfg = Debug|Win32
		{B7FA9359-D05E-42DA-8E57-5A932D8EC603}.Debug.Build.0 = Debug|Win32
		{B7FA9359-D05E-42DA-8E57-5A932D8EC603}.Release.ActiveCfg = Release|Win32
		{B7FA9359-D05E-42DA-8E57-5A932D8EC603}.Release.Build.0 = Release|Win32
		{A30DFFC2-97E5-48F6-B8E0-A85435328ABA}.Debug.ActiveCfg = Debug|Win32
		{A30DFFC2-97E5-48F6-B8E0-A85435328ABA}.Debug.Build.0 = Debug|Win32
		{A30DFFC2-97E5-48F6-B8E0-A85435328ABA}.Release.ActiveCfg = Release|Win32
		{A30DFFC2-97E5-48F6-B8E0-A85435328ABA}.Release.Build.0 = Release|Win32
		{78922FED-3B8B-4276-ADFF-9A19330F7CFE}.Debug.ActiveCfg = Debug|Win32
		{78922FED-3B8B-4276-ADFF-9A19330F7CFE}.Debug.Build.0 = Debug|Win32
		{78922FED-3B8B-4276-ADFF-9A19330F7CFE}.Release.ActiveCfg = Release|Win32
		{78922FED-3B8B-4276-ADFF-9A19330F7CFE}.Release.Build.0 = Release|Win32
		{A192B19C-8839-4BF8-A517-963B4DBA740C}.Debug.ActiveCfg = Debug|Win32
		{A192B19C-8839-4BF8-A517-963B4DBA740C}.Debug.Build.0 = Debug|Win32
		{A192B19C-8839-4BF8-A517-963B4DBA740C}.Release.ActiveCfg = Release|Win32
		{A192B19C-8839-4BF8-A517-963B4DBA740C}.Release.Build.0 = Release|Win32
		{7572D7B9-9DCD-4B98-AB04-1E9BFC8BA099}.Debug.ActiveCfg = Debug|Win32
		{7572D7B9-9DCD-4B98-AB04-1E9BFC8BA099}.Debug.Build.0 = Debug|Win32
		{7572D7B9-9DCD-4B98-AB04-1E9BFC8BA099}.Release.ActiveCfg = Release|Win32
		{7572D7B9-9DCD-4B98-AB04-1E9BFC8BA099}.Release.Build.0 = Release|Win32
		{8AB3DC28-1CAC-4DC0-B8CD-EB066E3711F9}.Debug.ActiveCfg = Debug|Win32
		{8AB3DC28-1CAC-4DC0-B8CD-EB066E3711F9}.Debug.Build.0 = Debug|Win32
		{8AB3DC28-1CAC-4DC0-B8CD-EB066E3711F9}.Release.ActiveCfg = Release|Win32
		{8AB3DC28-1CAC-4DC0-B8CD-EB066E3711F9}.Release.Build.0 = Release|Win32
		{5086D5EB-5EC0-437F-8181-264315F21A17}.Debug.ActiveCfg = Debug|Win32
		{5086D5EB-5EC0-437F-8181-264315F21A17}.Debug.Build.0 = Debug|Win32
		{5086D5EB-5EC0-437F-8181-264315F21A17}.Release.ActiveCfg = Release|Win32
		{5086D5EB-5EC0-437F-8181-264315F21A17}.Release.Build.0 = Release|Win32
		{4CCE2136-24FC-4F7A-A609-8018F00F9042}.Debug.ActiveCfg = Debug|Win32
		{4CCE2136-24FC-4F7A-A609-8018F00F9042}.Debug.Build.0 = Debug|Win32
		{4CCE2136-24FC-4F7A-A609-8018F00F9042}.Release.ActiveCfg = Release|Win32
		{4CCE2136-24FC-4F7A-A609-8018F00F9042}.Release.Build.0 = Release|Win32
		{F74722A5-4015-453B-BF4F-161A4766DDA1}.Debug.ActiveCfg = Debug|Win32
		{F74722A5-4015-453B-BF4F-161A4766DDA1}.Debug.Build.0 = Debug|Win32
		{F74722A5-4015-453B-BF4F-161A4766DDA1}.Release.ActiveCfg = Release|Win32
		{F74722A5-4015-453B-BF4F-161A4766DDA1}.Release.Build.0 = Release|Win32
		{F6CEF65C-4643-41AC-8A7D-078BACA6EF67}.Debug.ActiveCfg = Debug|Win32
		{F6CEF65C-4643-41AC-8A7D-078BACA6EF67}.Debug.Build.0 = Debug|Win32
		{F6CEF65C-4643-41AC-8A7D-078BACA6EF67}.Release.ActiveCfg = Release|Win32
		{F6CEF65C-4643-41AC-8A7D-078BACA6EF67}.Release.Build.0 = Release|Win32
		{376BFCF2-D8AF-48C1-ACFD-07E124DC6BB0}.Debug.ActiveCfg = Debug|Win32
		{376BFCF2-D8AF-48C1-ACFD-07E124DC6BB0}.Debug.Build.0 = Debug|Win32
		{376BFCF2-D8AF-48C1-ACFD-07E124DC6BB0}.Release.ActiveCfg = Release|Win32
		{376BFCF2-D8AF-48C1-ACFD-07E124DC6BB0}.Release.Build.0 = Release|Win32
	EndGlobalSection
	GlobalSection(ExtensibilityGlobals) = postSolution
	EndGlobalSection
	GlobalSection(ExtensibilityAddIns) = postSolution
	EndGlobalSection
EndGlobal
